
Microsoft Visual Studio Solution File, Format Version 12.00
# Visual Studio Version 17
VisualStudioVersion = 17.6.33723.286
MinimumVisualStudioVersion = 10.0.40219.1
Project("{8BC9CEB8-8B4A-11D0-8D11-00A0C91BC942}") = "TargetStaticLib", "TargetStaticLib\TargetStaticLib.vcxproj", "{71E776C4-2CD4-4A72-922A-0FAEDD52ACCD}"
EndProject
Project("{8BC9CEB8-8B4A-11D0-8D11-00A0C91BC942}") = "MyFirstTest", "MyFirstTest\MyFirstTest.vcxproj", "{E91CBB56-E59A-4395-A060-FFF96BA0C8CC}"
EndProject
Global
	GlobalSection(SolutionConfigurationPlatforms) = preSolution
		Debug|x64 = Debug|x64
		Debug|x86 = Debug|x86
		Release|x64 = Release|x64
		Release|x86 = Release|x86
	EndGlobalSection
	GlobalSection(ProjectConfigurationPlatforms) = postSolution
		{71E776C4-2CD4-4A72-922A-0FAEDD52ACCD}.Debug|x64.ActiveCfg = Debug|x64
		{71E776C4-2CD4-4A72-922A-0FAEDD52ACCD}.Debug|x64.Build.0 = Debug|x64
		{71E776C4-2CD4-4A72-922A-0FAEDD52ACCD}.Debug|x86.ActiveCfg = Debug|Win32
		{71E776C4-2CD4-4A72-922A-0FAEDD52ACCD}.Debug|x86.Build.0 = Debug|Win32
		{71E776C4-2CD4-4A72-922A-0FAEDD52ACCD}.Release|x64.ActiveCfg = Release|x64
		{71E776C4-2CD4-4A72-922A-0FAEDD52ACCD}.Release|x64.Build.0 = Release|x64
		{71E776C4-2CD4-4A72-922A-0FAEDD52ACCD}.Release|x86.ActiveCfg = Release|Win32
		{71E776C4-2CD4-4A72-922A-0FAEDD52ACCD}.Release|x86.Build.0 = Release|Win32
		{E91CBB56-E59A-4395-A060-FFF96BA0C8CC}.Debug|x64.ActiveCfg = Debug|x64
		{E91CBB56-E59A-4395-A060-FFF96BA0C8CC}.Debug|x64.Build.0 = Debug|x64
		{E91CBB56-E59A-4395-A060-FFF96BA0C8CC}.Debug|x86.ActiveCfg = Debug|Win32
		{E91CBB56-E59A-4395-A060-FFF96BA0C8CC}.Debug|x86.Build.0 = Debug|Win32
		{E91CBB56-E59A-4395-A060-FFF96BA0C8CC}.Release|x64.ActiveCfg = Release|x64
		{E91CBB56-E59A-4395-A060-FFF96BA0C8CC}.Release|x64.Build.0 = Release|x64
		{E91CBB56-E59A-4395-A060-FFF96BA0C8CC}.Release|x86.ActiveCfg = Release|Win32
		{E91CBB56-E59A-4395-A060-FFF96BA0C8CC}.Release|x86.Build.0 = Release|Win32
	EndGlobalSection
	GlobalSection(SolutionProperties) = preSolution
		HideSolutionNode = FALSE
	EndGlobalSection
	GlobalSection(ExtensibilityGlobals) = postSolution
		SolutionGuid = {852AF98B-EC44-4993-9BAD-062A11514C00}
	EndGlobalSection
EndGlobal
